
Microsoft Visual Studio Solution File, Format Version 12.00
# Visual Studio Version 17
VisualStudioVersion = 17.12.35527.113
MinimumVisualStudioVersion = 10.0.40219.1
Project("{FAE04EC0-301F-11D3-BF4B-00C04F79EFBC}") = "Alonde-sellitem", "Alonde-sellitem.csproj", "{ACCD750F-B72A-4AA1-9BEF-2E4119B9F8BD}"
EndProject
Project("{FAE04EC0-301F-11D3-BF4B-00C04F79EFBC}") = "SellerBL", "..\SellerBL\SellerBL.csproj", "{05290D75-E8AA-4C5C-8F30-803FCC836938}"
EndProject
Project("{FAE04EC0-301F-11D3-BF4B-00C04F79EFBC}") = "SellerDL", "..\SellerDL\SellerDL.csproj", "{119CD8E8-641B-42E6-B499-62E5F6D5CFBC}"
EndProject
Global
	GlobalSection(SolutionConfigurationPlatforms) = preSolution
		Debug|Any CPU = Debug|Any CPU
		Release|Any CPU = Release|Any CPU
	EndGlobalSection
	GlobalSection(ProjectConfigurationPlatforms) = postSolution
		{ACCD750F-B72A-4AA1-9BEF-2E4119B9F8BD}.Debug|Any CPU.ActiveCfg = Debug|Any CPU
		{ACCD750F-B72A-4AA1-9BEF-2E4119B9F8BD}.Debug|Any CPU.Build.0 = Debug|Any CPU
		{ACCD750F-B72A-4AA1-9BEF-2E4119B9F8BD}.Release|Any CPU.ActiveCfg = Release|Any CPU
		{ACCD750F-B72A-4AA1-9BEF-2E4119B9F8BD}.Release|Any CPU.Build.0 = Release|Any CPU
		{05290D75-E8AA-4C5C-8F30-803FCC836938}.Debug|Any CPU.ActiveCfg = Debug|Any CPU
		{05290D75-E8AA-4C5C-8F30-803FCC836938}.Debug|Any CPU.Build.0 = Debug|Any CPU
		{05290D75-E8AA-4C5C-8F30-803FCC836938}.Release|Any CPU.ActiveCfg = Release|Any CPU
		{05290D75-E8AA-4C5C-8F30-803FCC836938}.Release|Any CPU.Build.0 = Release|Any CPU
		{119CD8E8-641B-42E6-B499-62E5F6D5CFBC}.Debug|Any CPU.ActiveCfg = Debug|Any CPU
		{119CD8E8-641B-42E6-B499-62E5F6D5CFBC}.Debug|Any CPU.Build.0 = Debug|Any CPU
		{119CD8E8-641B-42E6-B499-62E5F6D5CFBC}.Release|Any CPU.ActiveCfg = Release|Any CPU
		{119CD8E8-641B-42E6-B499-62E5F6D5CFBC}.Release|Any CPU.Build.0 = Release|Any CPU
	EndGlobalSection
	GlobalSection(SolutionProperties) = preSolution
		HideSolutionNode = FALSE
	EndGlobalSection
EndGlobal
